
Microsoft Visual Studio Solution File, Format Version 12.00
# Visual Studio 15
VisualStudioVersion = 15.0.26124.0
MinimumVisualStudioVersion = 15.0.26124.0
Project("{FAE04EC0-301F-11D3-BF4B-00C04F79EFBC}") = "Domain", "Domain\Domain.csproj", "{381640A8-6C5B-4C10-AB99-6C6196855774}"
EndProject
Project("{FAE04EC0-301F-11D3-BF4B-00C04F79EFBC}") = "Application", "Application\Application.csproj", "{47FF4AE7-51C6-4496-847F-9C8D6D5D3348}"
EndProject
Project("{FAE04EC0-301F-11D3-BF4B-00C04F79EFBC}") = "Persistence", "Persistence\Persistence.csproj", "{84D9DFB9-7A85-4288-B627-0F4F099F3593}"
EndProject
Project("{FAE04EC0-301F-11D3-BF4B-00C04F79EFBC}") = "API", "API\API.csproj", "{27F5CB68-9950-4411-865B-BE42634DF6E2}"
EndProject
Project("{FAE04EC0-301F-11D3-BF4B-00C04F79EFBC}") = "Infrastructure", "Infrastructure\Infrastructure.csproj", "{C44BDB8E-D8A9-4C30-932A-282BBE33EB2F}"
EndProject
Global
	GlobalSection(SolutionConfigurationPlatforms) = preSolution
		Debug|Any CPU = Debug|Any CPU
		Debug|x64 = Debug|x64
		Debug|x86 = Debug|x86
		Release|Any CPU = Release|Any CPU
		Release|x64 = Release|x64
		Release|x86 = Release|x86
	EndGlobalSection
	GlobalSection(SolutionProperties) = preSolution
		HideSolutionNode = FALSE
	EndGlobalSection
	GlobalSection(ProjectConfigurationPlatforms) = postSolution
		{381640A8-6C5B-4C10-AB99-6C6196855774}.Debug|Any CPU.ActiveCfg = Debug|Any CPU
		{381640A8-6C5B-4C10-AB99-6C6196855774}.Debug|Any CPU.Build.0 = Debug|Any CPU
		{381640A8-6C5B-4C10-AB99-6C6196855774}.Debug|x64.ActiveCfg = Debug|Any CPU
		{381640A8-6C5B-4C10-AB99-6C6196855774}.Debug|x64.Build.0 = Debug|Any CPU
		{381640A8-6C5B-4C10-AB99-6C6196855774}.Debug|x86.ActiveCfg = Debug|Any CPU
		{381640A8-6C5B-4C10-AB99-6C6196855774}.Debug|x86.Build.0 = Debug|Any CPU
		{381640A8-6C5B-4C10-AB99-6C6196855774}.Release|Any CPU.ActiveCfg = Release|Any CPU
		{381640A8-6C5B-4C10-AB99-6C6196855774}.Release|Any CPU.Build.0 = Release|Any CPU
		{381640A8-6C5B-4C10-AB99-6C6196855774}.Release|x64.ActiveCfg = Release|Any CPU
		{381640A8-6C5B-4C10-AB99-6C6196855774}.Release|x64.Build.0 = Release|Any CPU
		{381640A8-6C5B-4C10-AB99-6C6196855774}.Release|x86.ActiveCfg = Release|Any CPU
		{381640A8-6C5B-4C10-AB99-6C6196855774}.Release|x86.Build.0 = Release|Any CPU
		{47FF4AE7-51C6-4496-847F-9C8D6D5D3348}.Debug|Any CPU.ActiveCfg = Debug|Any CPU
		{47FF4AE7-51C6-4496-847F-9C8D6D5D3348}.Debug|Any CPU.Build.0 = Debug|Any CPU
		{47FF4AE7-51C6-4496-847F-9C8D6D5D3348}.Debug|x64.ActiveCfg = Debug|Any CPU
		{47FF4AE7-51C6-4496-847F-9C8D6D5D3348}.Debug|x64.Build.0 = Debug|Any CPU
		{47FF4AE7-51C6-4496-847F-9C8D6D5D3348}.Debug|x86.ActiveCfg = Debug|Any CPU
		{47FF4AE7-51C6-4496-847F-9C8D6D5D3348}.Debug|x86.Build.0 = Debug|Any CPU
		{47FF4AE7-51C6-4496-847F-9C8D6D5D3348}.Release|Any CPU.ActiveCfg = Release|Any CPU
		{47FF4AE7-51C6-4496-847F-9C8D6D5D3348}.Release|Any CPU.Build.0 = Release|Any CPU
		{47FF4AE7-51C6-4496-847F-9C8D6D5D3348}.Release|x64.ActiveCfg = Release|Any CPU
		{47FF4AE7-51C6-4496-847F-9C8D6D5D3348}.Release|x64.Build.0 = Release|Any CPU
		{47FF4AE7-51C6-4496-847F-9C8D6D5D3348}.Release|x86.ActiveCfg = Release|Any CPU
		{47FF4AE7-51C6-4496-847F-9C8D6D5D3348}.Release|x86.Build.0 = Release|Any CPU
		{84D9DFB9-7A85-4288-B627-0F4F099F3593}.Debug|Any CPU.ActiveCfg = Debug|Any CPU
		{84D9DFB9-7A85-4288-B627-0F4F099F3593}.Debug|Any CPU.Build.0 = Debug|Any CPU
		{84D9DFB9-7A85-4288-B627-0F4F099F3593}.Debug|x64.ActiveCfg = Debug|Any CPU
		{84D9DFB9-7A85-4288-B627-0F4F099F3593}.Debug|x64.Build.0 = Debug|Any CPU
		{84D9DFB9-7A85-4288-B627-0F4F099F3593}.Debug|x86.ActiveCfg = Debug|Any CPU
		{84D9DFB9-7A85-4288-B627-0F4F099F3593}.Debug|x86.Build.0 = Debug|Any CPU
		{84D9DFB9-7A85-4288-B627-0F4F099F3593}.Release|Any CPU.ActiveCfg = Release|Any CPU
		{84D9DFB9-7A85-4288-B627-0F4F099F3593}.Release|Any CPU.Build.0 = Release|Any CPU
		{84D9DFB9-7A85-4288-B627-0F4F099F3593}.Release|x64.ActiveCfg = Release|Any CPU
		{84D9DFB9-7A85-4288-B627-0F4F099F3593}.Release|x64.Build.0 = Release|Any CPU
		{84D9DFB9-7A85-4288-B627-0F4F099F3593}.Release|x86.ActiveCfg = Release|Any CPU
		{84D9DFB9-7A85-4288-B627-0F4F099F3593}.Release|x86.Build.0 = Release|Any CPU
		{27F5CB68-9950-4411-865B-BE42634DF6E2}.Debug|Any CPU.ActiveCfg = Debug|Any CPU
		{27F5CB68-9950-4411-865B-BE42634DF6E2}.Debug|Any CPU.Build.0 = Debug|Any CPU
		{27F5CB68-9950-4411-865B-BE42634DF6E2}.Debug|x64.ActiveCfg = Debug|Any CPU
		{27F5CB68-9950-4411-865B-BE42634DF6E2}.Debug|x64.Build.0 = Debug|Any CPU
		{27F5CB68-9950-4411-865B-BE42634DF6E2}.Debug|x86.ActiveCfg = Debug|Any CPU
		{27F5CB68-9950-4411-865B-BE42634DF6E2}.Debug|x86.Build.0 = Debug|Any CPU
		{27F5CB68-9950-4411-865B-BE42634DF6E2}.Release|Any CPU.ActiveCfg = Release|Any CPU
		{27F5CB68-9950-4411-865B-BE42634DF6E2}.Release|Any CPU.Build.0 = Release|Any CPU
		{27F5CB68-9950-4411-865B-BE42634DF6E2}.Release|x64.ActiveCfg = Release|Any CPU
		{27F5CB68-9950-4411-865B-BE42634DF6E2}.Release|x64.Build.0 = Release|Any CPU
		{27F5CB68-9950-4411-865B-BE42634DF6E2}.Release|x86.ActiveCfg = Release|Any CPU
		{27F5CB68-9950-4411-865B-BE42634DF6E2}.Release|x86.Build.0 = Release|Any CPU
		{C44BDB8E-D8A9-4C30-932A-282BBE33EB2F}.Debug|Any CPU.ActiveCfg = Debug|Any CPU
		{C44BDB8E-D8A9-4C30-932A-282BBE33EB2F}.Debug|Any CPU.Build.0 = Debug|Any CPU
		{C44BDB8E-D8A9-4C30-932A-282BBE33EB2F}.Debug|x64.ActiveCfg = Debug|Any CPU
		{C44BDB8E-D8A9-4C30-932A-282BBE33EB2F}.Debug|x64.Build.0 = Debug|Any CPU
		{C44BDB8E-D8A9-4C30-932A-282BBE33EB2F}.Debug|x86.ActiveCfg = Debug|Any CPU
		{C44BDB8E-D8A9-4C30-932A-282BBE33EB2F}.Debug|x86.Build.0 = Debug|Any CPU
		{C44BDB8E-D8A9-4C30-932A-282BBE33EB2F}.Release|Any CPU.ActiveCfg = Release|Any CPU
		{C44BDB8E-D8A9-4C30-932A-282BBE33EB2F}.Release|Any CPU.Build.0 = Release|Any CPU
		{C44BDB8E-D8A9-4C30-932A-282BBE33EB2F}.Release|x64.ActiveCfg = Release|Any CPU
		{C44BDB8E-D8A9-4C30-932A-282BBE33EB2F}.Release|x64.Build.0 = Release|Any CPU
		{C44BDB8E-D8A9-4C30-932A-282BBE33EB2F}.Release|x86.ActiveCfg = Release|Any CPU
		{C44BDB8E-D8A9-4C30-932A-282BBE33EB2F}.Release|x86.Build.0 = Release|Any CPU
	EndGlobalSection
EndGlobal
